// !$*UTF8*$!
{
	archiveVersion = 1;
	classes = {
	};
	objectVersion = 77;
	objects = {

/* Begin PBXBuildFile section */
		A162D58B2DE609A3005E1830 /* Danceable Watch App.app in Embed Watch Content */ = {isa = PBXBuildFile; fileRef = A162D56B2DE609A2005E1830 /* Danceable Watch App.app */; settings = {ATTRIBUTES = (RemoveHeadersOnCopy, ); }; };
/* End PBXBuildFile section */

/* Begin PBXContainerItemProxy section */
		A162D5782DE609A3005E1830 /* PBXContainerItemProxy */ = {
			isa = PBXContainerItemProxy;
			containerPortal = A1F4037E2D6F474B00BF9B9F /* Project object */;
			proxyType = 1;
			remoteGlobalIDString = A162D56A2DE609A2005E1830;
			remoteInfo = "Danceable Watch App";
		};
		A162D5822DE609A3005E1830 /* PBXContainerItemProxy */ = {
			isa = PBXContainerItemProxy;
			containerPortal = A1F4037E2D6F474B00BF9B9F /* Project object */;
			proxyType = 1;
			remoteGlobalIDString = A162D56A2DE609A2005E1830;
			remoteInfo = "Danceable Watch App";
		};
		A162D5892DE609A3005E1830 /* PBXContainerItemProxy */ = {
			isa = PBXContainerItemProxy;
			containerPortal = A1F4037E2D6F474B00BF9B9F /* Project object */;
			proxyType = 1;
			remoteGlobalIDString = A162D56A2DE609A2005E1830;
			remoteInfo = "Danceable Watch App";
		};
		A1F403972D6F474D00BF9B9F /* PBXContainerItemProxy */ = {
			isa = PBXContainerItemProxy;
			containerPortal = A1F4037E2D6F474B00BF9B9F /* Project object */;
			proxyType = 1;
			remoteGlobalIDString = A1F403852D6F474B00BF9B9F;
			remoteInfo = ios;
		};
		A1F403A12D6F474D00BF9B9F /* PBXContainerItemProxy */ = {
			isa = PBXContainerItemProxy;
			containerPortal = A1F4037E2D6F474B00BF9B9F /* Project object */;
			proxyType = 1;
			remoteGlobalIDString = A1F403852D6F474B00BF9B9F;
			remoteInfo = ios;
		};
/* End PBXContainerItemProxy section */

/* Begin PBXCopyFilesBuildPhase section */
		A162D58C2DE609A3005E1830 /* Embed Watch Content */ = {
			isa = PBXCopyFilesBuildPhase;
			buildActionMask = 2147483647;
			dstPath = "$(CONTENTS_FOLDER_PATH)/Watch";
			dstSubfolderSpec = 16;
			files = (
				A162D58B2DE609A3005E1830 /* Danceable Watch App.app in Embed Watch Content */,
			);
			name = "Embed Watch Content";
			runOnlyForDeploymentPostprocessing = 0;
		};
/* End PBXCopyFilesBuildPhase section */

/* Begin PBXFileReference section */
		A162D56B2DE609A2005E1830 /* Danceable Watch App.app */ = {isa = PBXFileReference; explicitFileType = wrapper.application; includeInIndex = 0; path = "Danceable Watch App.app"; sourceTree = BUILT_PRODUCTS_DIR; };
		A162D5772DE609A3005E1830 /* Danceable Watch AppTests.xctest */ = {isa = PBXFileReference; explicitFileType = wrapper.cfbundle; includeInIndex = 0; path = "Danceable Watch AppTests.xctest"; sourceTree = BUILT_PRODUCTS_DIR; };
		A162D5812DE609A3005E1830 /* Danceable Watch AppUITests.xctest */ = {isa = PBXFileReference; explicitFileType = wrapper.cfbundle; includeInIndex = 0; path = "Danceable Watch AppUITests.xctest"; sourceTree = BUILT_PRODUCTS_DIR; };
		A1F403862D6F474B00BF9B9F /* ios.app */ = {isa = PBXFileReference; explicitFileType = wrapper.application; includeInIndex = 0; path = ios.app; sourceTree = BUILT_PRODUCTS_DIR; };
		A1F403962D6F474D00BF9B9F /* iosTests.xctest */ = {isa = PBXFileReference; explicitFileType = wrapper.cfbundle; includeInIndex = 0; path = iosTests.xctest; sourceTree = BUILT_PRODUCTS_DIR; };
		A1F403A02D6F474D00BF9B9F /* iosUITests.xctest */ = {isa = PBXFileReference; explicitFileType = wrapper.cfbundle; includeInIndex = 0; path = iosUITests.xctest; sourceTree = BUILT_PRODUCTS_DIR; };
/* End PBXFileReference section */

/* Begin PBXFileSystemSynchronizedBuildFileExceptionSet section */
		A162D5A32DE63943005E1830 /* Exceptions for "ios" folder in "Danceable Watch App" target */ = {
			isa = PBXFileSystemSynchronizedBuildFileExceptionSet;
			membershipExceptions = (
				audio/AudioController.swift,
				audio/AudioRecorder.swift,
				audio/AudioUploader.swift,
				audio/RecordButtonView.swift,
				audio/RecordingAnimationView.swift,
				audio/SoundBarView.swift,
				Config.swift,
				Dance/Dance.swift,
				Dance/DanceService.swift,
				Dance/DancesView.swift,
				danceAi.mlmodel,
				model/Model.swift,
				model/ViewModel.swift,
				prediction/Prediction.swift,
				prediction/PredictionService.swift,
				prediction/PredictionsView.swift,
				prediction/PredictionUtilities.swift,
				prediction/PredictionView.swift,
			);
			target = A162D56A2DE609A2005E1830 /* Danceable Watch App */;
		};
/* End PBXFileSystemSynchronizedBuildFileExceptionSet section */

/* Begin PBXFileSystemSynchronizedRootGroup section */
		A162D56C2DE609A2005E1830 /* Danceable Watch App */ = {
			isa = PBXFileSystemSynchronizedRootGroup;
			path = "Danceable Watch App";
			sourceTree = "<group>";
		};
		A162D57A2DE609A3005E1830 /* Danceable Watch AppTests */ = {
			isa = PBXFileSystemSynchronizedRootGroup;
			path = "Danceable Watch AppTests";
			sourceTree = "<group>";
		};
		A162D5842DE609A3005E1830 /* Danceable Watch AppUITests */ = {
			isa = PBXFileSystemSynchronizedRootGroup;
			path = "Danceable Watch AppUITests";
			sourceTree = "<group>";
		};
		A1F403882D6F474B00BF9B9F /* ios */ = {
			isa = PBXFileSystemSynchronizedRootGroup;
			exceptions = (
				A162D5A32DE63943005E1830 /* Exceptions for "ios" folder in "Danceable Watch App" target */,
			);
			path = ios;
			sourceTree = "<group>";
		};
		A1F403992D6F474D00BF9B9F /* iosTests */ = {
			isa = PBXFileSystemSynchronizedRootGroup;
			path = iosTests;
			sourceTree = "<group>";
		};
		A1F403A32D6F474D00BF9B9F /* iosUITests */ = {
			isa = PBXFileSystemSynchronizedRootGroup;
			path = iosUITests;
			sourceTree = "<group>";
		};
/* End PBXFileSystemSynchronizedRootGroup section */

/* Begin PBXFrameworksBuildPhase section */
		A162D5682DE609A2005E1830 /* Frameworks */ = {
			isa = PBXFrameworksBuildPhase;
			buildActionMask = 2147483647;
			files = (
			);
			runOnlyForDeploymentPostprocessing = 0;
		};
		A162D5742DE609A3005E1830 /* Frameworks */ = {
			isa = PBXFrameworksBuildPhase;
			buildActionMask = 2147483647;
			files = (
			);
			runOnlyForDeploymentPostprocessing = 0;
		};
		A162D57E2DE609A3005E1830 /* Frameworks */ = {
			isa = PBXFrameworksBuildPhase;
			buildActionMask = 2147483647;
			files = (
			);
			runOnlyForDeploymentPostprocessing = 0;
		};
		A1F403832D6F474B00BF9B9F /* Frameworks */ = {
			isa = PBXFrameworksBuildPhase;
			buildActionMask = 2147483647;
			files = (
			);
			runOnlyForDeploymentPostprocessing = 0;
		};
		A1F403932D6F474D00BF9B9F /* Frameworks */ = {
			isa = PBXFrameworksBuildPhase;
			buildActionMask = 2147483647;
			files = (
			);
			runOnlyForDeploymentPostprocessing = 0;
		};
		A1F4039D2D6F474D00BF9B9F /* Frameworks */ = {
			isa = PBXFrameworksBuildPhase;
			buildActionMask = 2147483647;
			files = (
			);
			runOnlyForDeploymentPostprocessing = 0;
		};
/* End PBXFrameworksBuildPhase section */

/* Begin PBXGroup section */
		A1F4037D2D6F474B00BF9B9F = {
			isa = PBXGroup;
			children = (
				A1F403882D6F474B00BF9B9F /* ios */,
				A1F403992D6F474D00BF9B9F /* iosTests */,
				A1F403A32D6F474D00BF9B9F /* iosUITests */,
				A162D56C2DE609A2005E1830 /* Danceable Watch App */,
				A162D57A2DE609A3005E1830 /* Danceable Watch AppTests */,
				A162D5842DE609A3005E1830 /* Danceable Watch AppUITests */,
				A1F403872D6F474B00BF9B9F /* Products */,
			);
			sourceTree = "<group>";
		};
		A1F403872D6F474B00BF9B9F /* Products */ = {
			isa = PBXGroup;
			children = (
				A1F403862D6F474B00BF9B9F /* ios.app */,
				A1F403962D6F474D00BF9B9F /* iosTests.xctest */,
				A1F403A02D6F474D00BF9B9F /* iosUITests.xctest */,
				A162D56B2DE609A2005E1830 /* Danceable Watch App.app */,
				A162D5772DE609A3005E1830 /* Danceable Watch AppTests.xctest */,
				A162D5812DE609A3005E1830 /* Danceable Watch AppUITests.xctest */,
			);
			name = Products;
			sourceTree = "<group>";
		};
/* End PBXGroup section */

/* Begin PBXNativeTarget section */
		A162D56A2DE609A2005E1830 /* Danceable Watch App */ = {
			isa = PBXNativeTarget;
			buildConfigurationList = A162D5932DE609A3005E1830 /* Build configuration list for PBXNativeTarget "Danceable Watch App" */;
			buildPhases = (
				A162D5672DE609A2005E1830 /* Sources */,
				A162D5682DE609A2005E1830 /* Frameworks */,
				A162D5692DE609A2005E1830 /* Resources */,
			);
			buildRules = (
			);
			dependencies = (
			);
			fileSystemSynchronizedGroups = (
				A162D56C2DE609A2005E1830 /* Danceable Watch App */,
			);
			name = "Danceable Watch App";
			packageProductDependencies = (
			);
			productName = "Danceable Watch App";
			productReference = A162D56B2DE609A2005E1830 /* Danceable Watch App.app */;
			productType = "com.apple.product-type.application";
		};
		A162D5762DE609A3005E1830 /* Danceable Watch AppTests */ = {
			isa = PBXNativeTarget;
			buildConfigurationList = A162D5942DE609A3005E1830 /* Build configuration list for PBXNativeTarget "Danceable Watch AppTests" */;
			buildPhases = (
				A162D5732DE609A3005E1830 /* Sources */,
				A162D5742DE609A3005E1830 /* Frameworks */,
				A162D5752DE609A3005E1830 /* Resources */,
			);
			buildRules = (
			);
			dependencies = (
				A162D5792DE609A3005E1830 /* PBXTargetDependency */,
			);
			fileSystemSynchronizedGroups = (
				A162D57A2DE609A3005E1830 /* Danceable Watch AppTests */,
			);
			name = "Danceable Watch AppTests";
			packageProductDependencies = (
			);
			productName = "Danceable Watch AppTests";
			productReference = A162D5772DE609A3005E1830 /* Danceable Watch AppTests.xctest */;
			productType = "com.apple.product-type.bundle.unit-test";
		};
		A162D5802DE609A3005E1830 /* Danceable Watch AppUITests */ = {
			isa = PBXNativeTarget;
			buildConfigurationList = A162D5952DE609A3005E1830 /* Build configuration list for PBXNativeTarget "Danceable Watch AppUITests" */;
			buildPhases = (
				A162D57D2DE609A3005E1830 /* Sources */,
				A162D57E2DE609A3005E1830 /* Frameworks */,
				A162D57F2DE609A3005E1830 /* Resources */,
			);
			buildRules = (
			);
			dependencies = (
				A162D5832DE609A3005E1830 /* PBXTargetDependency */,
			);
			fileSystemSynchronizedGroups = (
				A162D5842DE609A3005E1830 /* Danceable Watch AppUITests */,
			);
			name = "Danceable Watch AppUITests";
			packageProductDependencies = (
			);
			productName = "Danceable Watch AppUITests";
			productReference = A162D5812DE609A3005E1830 /* Danceable Watch AppUITests.xctest */;
			productType = "com.apple.product-type.bundle.ui-testing";
		};
		A1F403852D6F474B00BF9B9F /* ios */ = {
			isa = PBXNativeTarget;
			buildConfigurationList = A1F403AA2D6F474D00BF9B9F /* Build configuration list for PBXNativeTarget "ios" */;
			buildPhases = (
				A1F403822D6F474B00BF9B9F /* Sources */,
				A1F403832D6F474B00BF9B9F /* Frameworks */,
				A1F403842D6F474B00BF9B9F /* Resources */,
				A162D58C2DE609A3005E1830 /* Embed Watch Content */,
			);
			buildRules = (
			);
			dependencies = (
				A162D58A2DE609A3005E1830 /* PBXTargetDependency */,
			);
			fileSystemSynchronizedGroups = (
				A1F403882D6F474B00BF9B9F /* ios */,
			);
			name = ios;
			packageProductDependencies = (
			);
			productName = ios;
			productReference = A1F403862D6F474B00BF9B9F /* ios.app */;
			productType = "com.apple.product-type.application";
		};
		A1F403952D6F474D00BF9B9F /* iosTests */ = {
			isa = PBXNativeTarget;
			buildConfigurationList = A1F403AD2D6F474D00BF9B9F /* Build configuration list for PBXNativeTarget "iosTests" */;
			buildPhases = (
				A1F403922D6F474D00BF9B9F /* Sources */,
				A1F403932D6F474D00BF9B9F /* Frameworks */,
				A1F403942D6F474D00BF9B9F /* Resources */,
			);
			buildRules = (
			);
			dependencies = (
				A1F403982D6F474D00BF9B9F /* PBXTargetDependency */,
			);
			fileSystemSynchronizedGroups = (
				A1F403992D6F474D00BF9B9F /* iosTests */,
			);
			name = iosTests;
			packageProductDependencies = (
			);
			productName = iosTests;
			productReference = A1F403962D6F474D00BF9B9F /* iosTests.xctest */;
			productType = "com.apple.product-type.bundle.unit-test";
		};
		A1F4039F2D6F474D00BF9B9F /* iosUITests */ = {
			isa = PBXNativeTarget;
			buildConfigurationList = A1F403B02D6F474D00BF9B9F /* Build configuration list for PBXNativeTarget "iosUITests" */;
			buildPhases = (
				A1F4039C2D6F474D00BF9B9F /* Sources */,
				A1F4039D2D6F474D00BF9B9F /* Frameworks */,
				A1F4039E2D6F474D00BF9B9F /* Resources */,
			);
			buildRules = (
			);
			dependencies = (
				A1F403A22D6F474D00BF9B9F /* PBXTargetDependency */,
			);
			fileSystemSynchronizedGroups = (
				A1F403A32D6F474D00BF9B9F /* iosUITests */,
			);
			name = iosUITests;
			packageProductDependencies = (
			);
			productName = iosUITests;
			productReference = A1F403A02D6F474D00BF9B9F /* iosUITests.xctest */;
			productType = "com.apple.product-type.bundle.ui-testing";
		};
/* End PBXNativeTarget section */

/* Begin PBXProject section */
		A1F4037E2D6F474B00BF9B9F /* Project object */ = {
			isa = PBXProject;
			attributes = {
				BuildIndependentTargetsInParallel = 1;
				LastSwiftUpdateCheck = 1630;
				LastUpgradeCheck = 1620;
				TargetAttributes = {
					A162D56A2DE609A2005E1830 = {
						CreatedOnToolsVersion = 16.3;
					};
					A162D5762DE609A3005E1830 = {
						CreatedOnToolsVersion = 16.3;
						TestTargetID = A162D56A2DE609A2005E1830;
					};
					A162D5802DE609A3005E1830 = {
						CreatedOnToolsVersion = 16.3;
						TestTargetID = A162D56A2DE609A2005E1830;
					};
					A1F403852D6F474B00BF9B9F = {
						CreatedOnToolsVersion = 16.2;
					};
					A1F403952D6F474D00BF9B9F = {
						CreatedOnToolsVersion = 16.2;
						TestTargetID = A1F403852D6F474B00BF9B9F;
					};
					A1F4039F2D6F474D00BF9B9F = {
						CreatedOnToolsVersion = 16.2;
						TestTargetID = A1F403852D6F474B00BF9B9F;
					};
				};
			};
			buildConfigurationList = A1F403812D6F474B00BF9B9F /* Build configuration list for PBXProject "ios" */;
			developmentRegion = en;
			hasScannedForEncodings = 0;
			knownRegions = (
				en,
				Base,
			);
			mainGroup = A1F4037D2D6F474B00BF9B9F;
			minimizedProjectReferenceProxies = 1;
			preferredProjectObjectVersion = 77;
			productRefGroup = A1F403872D6F474B00BF9B9F /* Products */;
			projectDirPath = "";
			projectRoot = "";
			targets = (
				A1F403852D6F474B00BF9B9F /* ios */,
				A1F403952D6F474D00BF9B9F /* iosTests */,
				A1F4039F2D6F474D00BF9B9F /* iosUITests */,
				A162D56A2DE609A2005E1830 /* Danceable Watch App */,
				A162D5762DE609A3005E1830 /* Danceable Watch AppTests */,
				A162D5802DE609A3005E1830 /* Danceable Watch AppUITests */,
			);
		};
/* End PBXProject section */

/* Begin PBXResourcesBuildPhase section */
		A162D5692DE609A2005E1830 /* Resources */ = {
			isa = PBXResourcesBuildPhase;
			buildActionMask = 2147483647;
			files = (
			);
			runOnlyForDeploymentPostprocessing = 0;
		};
		A162D5752DE609A3005E1830 /* Resources */ = {
			isa = PBXResourcesBuildPhase;
			buildActionMask = 2147483647;
			files = (
			);
			runOnlyForDeploymentPostprocessing = 0;
		};
		A162D57F2DE609A3005E1830 /* Resources */ = {
			isa = PBXResourcesBuildPhase;
			buildActionMask = 2147483647;
			files = (
			);
			runOnlyForDeploymentPostprocessing = 0;
		};
		A1F403842D6F474B00BF9B9F /* Resources */ = {
			isa = PBXResourcesBuildPhase;
			buildActionMask = 2147483647;
			files = (
			);
			runOnlyForDeploymentPostprocessing = 0;
		};
		A1F403942D6F474D00BF9B9F /* Resources */ = {
			isa = PBXResourcesBuildPhase;
			buildActionMask = 2147483647;
			files = (
			);
			runOnlyForDeploymentPostprocessing = 0;
		};
		A1F4039E2D6F474D00BF9B9F /* Resources */ = {
			isa = PBXResourcesBuildPhase;
			buildActionMask = 2147483647;
			files = (
			);
			runOnlyForDeploymentPostprocessing = 0;
		};
/* End PBXResourcesBuildPhase section */

/* Begin PBXSourcesBuildPhase section */
		A162D5672DE609A2005E1830 /* Sources */ = {
			isa = PBXSourcesBuildPhase;
			buildActionMask = 2147483647;
			files = (
			);
			runOnlyForDeploymentPostprocessing = 0;
		};
		A162D5732DE609A3005E1830 /* Sources */ = {
			isa = PBXSourcesBuildPhase;
			buildActionMask = 2147483647;
			files = (
			);
			runOnlyForDeploymentPostprocessing = 0;
		};
		A162D57D2DE609A3005E1830 /* Sources */ = {
			isa = PBXSourcesBuildPhase;
			buildActionMask = 2147483647;
			files = (
			);
			runOnlyForDeploymentPostprocessing = 0;
		};
		A1F403822D6F474B00BF9B9F /* Sources */ = {
			isa = PBXSourcesBuildPhase;
			buildActionMask = 2147483647;
			files = (
			);
			runOnlyForDeploymentPostprocessing = 0;
		};
		A1F403922D6F474D00BF9B9F /* Sources */ = {
			isa = PBXSourcesBuildPhase;
			buildActionMask = 2147483647;
			files = (
			);
			runOnlyForDeploymentPostprocessing = 0;
		};
		A1F4039C2D6F474D00BF9B9F /* Sources */ = {
			isa = PBXSourcesBuildPhase;
			buildActionMask = 2147483647;
			files = (
			);
			runOnlyForDeploymentPostprocessing = 0;
		};
/* End PBXSourcesBuildPhase section */

/* Begin PBXTargetDependency section */
		A162D5792DE609A3005E1830 /* PBXTargetDependency */ = {
			isa = PBXTargetDependency;
			target = A162D56A2DE609A2005E1830 /* Danceable Watch App */;
			targetProxy = A162D5782DE609A3005E1830 /* PBXContainerItemProxy */;
		};
		A162D5832DE609A3005E1830 /* PBXTargetDependency */ = {
			isa = PBXTargetDependency;
			target = A162D56A2DE609A2005E1830 /* Danceable Watch App */;
			targetProxy = A162D5822DE609A3005E1830 /* PBXContainerItemProxy */;
		};
		A162D58A2DE609A3005E1830 /* PBXTargetDependency */ = {
			isa = PBXTargetDependency;
			target = A162D56A2DE609A2005E1830 /* Danceable Watch App */;
			targetProxy = A162D5892DE609A3005E1830 /* PBXContainerItemProxy */;
		};
		A1F403982D6F474D00BF9B9F /* PBXTargetDependency */ = {
			isa = PBXTargetDependency;
			target = A1F403852D6F474B00BF9B9F /* ios */;
			targetProxy = A1F403972D6F474D00BF9B9F /* PBXContainerItemProxy */;
		};
		A1F403A22D6F474D00BF9B9F /* PBXTargetDependency */ = {
			isa = PBXTargetDependency;
			target = A1F403852D6F474B00BF9B9F /* ios */;
			targetProxy = A1F403A12D6F474D00BF9B9F /* PBXContainerItemProxy */;
		};
/* End PBXTargetDependency section */

/* Begin XCBuildConfiguration section */
		A162D58D2DE609A3005E1830 /* Debug */ = {
			isa = XCBuildConfiguration;
			buildSettings = {
				ASSETCATALOG_COMPILER_APPICON_NAME = AppIcon;
				ASSETCATALOG_COMPILER_GLOBAL_ACCENT_COLOR_NAME = AccentColor;
				CODE_SIGN_STYLE = Automatic;
				CURRENT_PROJECT_VERSION = 1;
				DEVELOPMENT_TEAM = 5KF43FQZZH;
				ENABLE_PREVIEWS = YES;
				GENERATE_INFOPLIST_FILE = YES;
				INFOPLIST_KEY_CFBundleDisplayName = Danceable;
				INFOPLIST_KEY_UISupportedInterfaceOrientations = "UIInterfaceOrientationPortrait UIInterfaceOrientationPortraitUpsideDown";
				INFOPLIST_KEY_WKCompanionAppBundleIdentifier = at.ac.leonding.htl.danceable.ios;
				LD_RUNPATH_SEARCH_PATHS = (
					"$(inherited)",
					"@executable_path/Frameworks",
				);
				MARKETING_VERSION = 1.0;
				PRODUCT_BUNDLE_IDENTIFIER = at.ac.leonding.htl.danceable.ios.watchkitapp;
				PRODUCT_NAME = "$(TARGET_NAME)";
				SDKROOT = watchos;
				SKIP_INSTALL = YES;
				SWIFT_EMIT_LOC_STRINGS = YES;
				SWIFT_VERSION = 5.0;
				TARGETED_DEVICE_FAMILY = 4;
				WATCHOS_DEPLOYMENT_TARGET = 11.4;
			};
			name = Debug;
		};
		A162D58E2DE609A3005E1830 /* Release */ = {
			isa = XCBuildConfiguration;
			buildSettings = {
				ASSETCATALOG_COMPILER_APPICON_NAME = AppIcon;
				ASSETCATALOG_COMPILER_GLOBAL_ACCENT_COLOR_NAME = AccentColor;
				CODE_SIGN_STYLE = Automatic;
				CURRENT_PROJECT_VERSION = 1;
				DEVELOPMENT_TEAM = 5KF43FQZZH;
				ENABLE_PREVIEWS = YES;
				GENERATE_INFOPLIST_FILE = YES;
				INFOPLIST_KEY_CFBundleDisplayName = Danceable;
				INFOPLIST_KEY_UISupportedInterfaceOrientations = "UIInterfaceOrientationPortrait UIInterfaceOrientationPortraitUpsideDown";
				INFOPLIST_KEY_WKCompanionAppBundleIdentifier = at.ac.leonding.htl.danceable.ios;
				LD_RUNPATH_SEARCH_PATHS = (
					"$(inherited)",
					"@executable_path/Frameworks",
				);
				MARKETING_VERSION = 1.0;
				PRODUCT_BUNDLE_IDENTIFIER = at.ac.leonding.htl.danceable.ios.watchkitapp;
				PRODUCT_NAME = "$(TARGET_NAME)";
				SDKROOT = watchos;
				SKIP_INSTALL = YES;
				SWIFT_EMIT_LOC_STRINGS = YES;
				SWIFT_VERSION = 5.0;
				TARGETED_DEVICE_FAMILY = 4;
				WATCHOS_DEPLOYMENT_TARGET = 11.4;
			};
			name = Release;
		};
		A162D58F2DE609A3005E1830 /* Debug */ = {
			isa = XCBuildConfiguration;
			buildSettings = {
				BUNDLE_LOADER = "$(TEST_HOST)";
				CODE_SIGN_STYLE = Automatic;
				CURRENT_PROJECT_VERSION = 1;
				DEVELOPMENT_TEAM = 5KF43FQZZH;
				GENERATE_INFOPLIST_FILE = YES;
				MARKETING_VERSION = 1.0;
				PRODUCT_BUNDLE_IDENTIFIER = "at.ac.leonding.htl.Danceable-Watch-AppTests";
				PRODUCT_NAME = "$(TARGET_NAME)";
				SDKROOT = watchos;
				SWIFT_EMIT_LOC_STRINGS = NO;
				SWIFT_VERSION = 5.0;
				TARGETED_DEVICE_FAMILY = 4;
				TEST_HOST = "$(BUILT_PRODUCTS_DIR)/Danceable Watch App.app/$(BUNDLE_EXECUTABLE_FOLDER_PATH)/Danceable Watch App";
				WATCHOS_DEPLOYMENT_TARGET = 11.4;
			};
			name = Debug;
		};
		A162D5902DE609A3005E1830 /* Release */ = {
			isa = XCBuildConfiguration;
			buildSettings = {
				BUNDLE_LOADER = "$(TEST_HOST)";
				CODE_SIGN_STYLE = Automatic;
				CURRENT_PROJECT_VERSION = 1;
				DEVELOPMENT_TEAM = 5KF43FQZZH;
				GENERATE_INFOPLIST_FILE = YES;
				MARKETING_VERSION = 1.0;
				PRODUCT_BUNDLE_IDENTIFIER = "at.ac.leonding.htl.Danceable-Watch-AppTests";
				PRODUCT_NAME = "$(TARGET_NAME)";
				SDKROOT = watchos;
				SWIFT_EMIT_LOC_STRINGS = NO;
				SWIFT_VERSION = 5.0;
				TARGETED_DEVICE_FAMILY = 4;
				TEST_HOST = "$(BUILT_PRODUCTS_DIR)/Danceable Watch App.app/$(BUNDLE_EXECUTABLE_FOLDER_PATH)/Danceable Watch App";
				WATCHOS_DEPLOYMENT_TARGET = 11.4;
			};
			name = Release;
		};
		A162D5912DE609A3005E1830 /* Debug */ = {
			isa = XCBuildConfiguration;
			buildSettings = {
				CODE_SIGN_STYLE = Automatic;
				CURRENT_PROJECT_VERSION = 1;
				DEVELOPMENT_TEAM = 5KF43FQZZH;
				GENERATE_INFOPLIST_FILE = YES;
				MARKETING_VERSION = 1.0;
				PRODUCT_BUNDLE_IDENTIFIER = "at.ac.leonding.htl.Danceable-Watch-AppUITests";
				PRODUCT_NAME = "$(TARGET_NAME)";
				SDKROOT = watchos;
				SWIFT_EMIT_LOC_STRINGS = NO;
				SWIFT_VERSION = 5.0;
				TARGETED_DEVICE_FAMILY = 4;
				TEST_TARGET_NAME = "Danceable Watch App";
				WATCHOS_DEPLOYMENT_TARGET = 11.4;
			};
			name = Debug;
		};
		A162D5922DE609A3005E1830 /* Release */ = {
			isa = XCBuildConfiguration;
			buildSettings = {
				CODE_SIGN_STYLE = Automatic;
				CURRENT_PROJECT_VERSION = 1;
				DEVELOPMENT_TEAM = 5KF43FQZZH;
				GENERATE_INFOPLIST_FILE = YES;
				MARKETING_VERSION = 1.0;
				PRODUCT_BUNDLE_IDENTIFIER = "at.ac.leonding.htl.Danceable-Watch-AppUITests";
				PRODUCT_NAME = "$(TARGET_NAME)";
				SDKROOT = watchos;
				SWIFT_EMIT_LOC_STRINGS = NO;
				SWIFT_VERSION = 5.0;
				TARGETED_DEVICE_FAMILY = 4;
				TEST_TARGET_NAME = "Danceable Watch App";
				WATCHOS_DEPLOYMENT_TARGET = 11.4;
			};
			name = Release;
		};
		A1F403A82D6F474D00BF9B9F /* Debug */ = {
			isa = XCBuildConfiguration;
			buildSettings = {
				ALWAYS_SEARCH_USER_PATHS = NO;
				ASSETCATALOG_COMPILER_GENERATE_SWIFT_ASSET_SYMBOL_EXTENSIONS = YES;
				CLANG_ANALYZER_NONNULL = YES;
				CLANG_ANALYZER_NUMBER_OBJECT_CONVERSION = YES_AGGRESSIVE;
				CLANG_CXX_LANGUAGE_STANDARD = "gnu++20";
				CLANG_ENABLE_MODULES = YES;
				CLANG_ENABLE_OBJC_ARC = YES;
				CLANG_ENABLE_OBJC_WEAK = YES;
				CLANG_WARN_BLOCK_CAPTURE_AUTORELEASING = YES;
				CLANG_WARN_BOOL_CONVERSION = YES;
				CLANG_WARN_COMMA = YES;
				CLANG_WARN_CONSTANT_CONVERSION = YES;
				CLANG_WARN_DEPRECATED_OBJC_IMPLEMENTATIONS = YES;
				CLANG_WARN_DIRECT_OBJC_ISA_USAGE = YES_ERROR;
				CLANG_WARN_DOCUMENTATION_COMMENTS = YES;
				CLANG_WARN_EMPTY_BODY = YES;
				CLANG_WARN_ENUM_CONVERSION = YES;
				CLANG_WARN_INFINITE_RECURSION = YES;
				CLANG_WARN_INT_CONVERSION = YES;
				CLANG_WARN_NON_LITERAL_NULL_CONVERSION = YES;
				CLANG_WARN_OBJC_IMPLICIT_RETAIN_SELF = YES;
				CLANG_WARN_OBJC_LITERAL_CONVERSION = YES;
				CLANG_WARN_OBJC_ROOT_CLASS = YES_ERROR;
				CLANG_WARN_QUOTED_INCLUDE_IN_FRAMEWORK_HEADER = YES;
				CLANG_WARN_RANGE_LOOP_ANALYSIS = YES;
				CLANG_WARN_STRICT_PROTOTYPES = YES;
				CLANG_WARN_SUSPICIOUS_MOVE = YES;
				CLANG_WARN_UNGUARDED_AVAILABILITY = YES_AGGRESSIVE;
				CLANG_WARN_UNREACHABLE_CODE = YES;
				CLANG_WARN__DUPLICATE_METHOD_MATCH = YES;
				COPY_PHASE_STRIP = NO;
				DEBUG_INFORMATION_FORMAT = dwarf;
				ENABLE_STRICT_OBJC_MSGSEND = YES;
				ENABLE_TESTABILITY = YES;
				ENABLE_USER_SCRIPT_SANDBOXING = YES;
				GCC_C_LANGUAGE_STANDARD = gnu17;
				GCC_DYNAMIC_NO_PIC = NO;
				GCC_NO_COMMON_BLOCKS = YES;
				GCC_OPTIMIZATION_LEVEL = 0;
				GCC_PREPROCESSOR_DEFINITIONS = (
					"DEBUG=1",
					"$(inherited)",
				);
				GCC_WARN_64_TO_32_BIT_CONVERSION = YES;
				GCC_WARN_ABOUT_RETURN_TYPE = YES_ERROR;
				GCC_WARN_UNDECLARED_SELECTOR = YES;
				GCC_WARN_UNINITIALIZED_AUTOS = YES_AGGRESSIVE;
				GCC_WARN_UNUSED_FUNCTION = YES;
				GCC_WARN_UNUSED_VARIABLE = YES;
				IPHONEOS_DEPLOYMENT_TARGET = 18.2;
				LOCALIZATION_PREFERS_STRING_CATALOGS = YES;
				MTL_ENABLE_DEBUG_INFO = INCLUDE_SOURCE;
				MTL_FAST_MATH = YES;
				ONLY_ACTIVE_ARCH = YES;
				SDKROOT = iphoneos;
				SWIFT_ACTIVE_COMPILATION_CONDITIONS = "DEBUG $(inherited)";
				SWIFT_OPTIMIZATION_LEVEL = "-Onone";
			};
			name = Debug;
		};
		A1F403A92D6F474D00BF9B9F /* Release */ = {
			isa = XCBuildConfiguration;
			buildSettings = {
				ALWAYS_SEARCH_USER_PATHS = NO;
				ASSETCATALOG_COMPILER_GENERATE_SWIFT_ASSET_SYMBOL_EXTENSIONS = YES;
				CLANG_ANALYZER_NONNULL = YES;
				CLANG_ANALYZER_NUMBER_OBJECT_CONVERSION = YES_AGGRESSIVE;
				CLANG_CXX_LANGUAGE_STANDARD = "gnu++20";
				CLANG_ENABLE_MODULES = YES;
				CLANG_ENABLE_OBJC_ARC = YES;
				CLANG_ENABLE_OBJC_WEAK = YES;
				CLANG_WARN_BLOCK_CAPTURE_AUTORELEASING = YES;
				CLANG_WARN_BOOL_CONVERSION = YES;
				CLANG_WARN_COMMA = YES;
				CLANG_WARN_CONSTANT_CONVERSION = YES;
				CLANG_WARN_DEPRECATED_OBJC_IMPLEMENTATIONS = YES;
				CLANG_WARN_DIRECT_OBJC_ISA_USAGE = YES_ERROR;
				CLANG_WARN_DOCUMENTATION_COMMENTS = YES;
				CLANG_WARN_EMPTY_BODY = YES;
				CLANG_WARN_ENUM_CONVERSION = YES;
				CLANG_WARN_INFINITE_RECURSION = YES;
				CLANG_WARN_INT_CONVERSION = YES;
				CLANG_WARN_NON_LITERAL_NULL_CONVERSION = YES;
				CLANG_WARN_OBJC_IMPLICIT_RETAIN_SELF = YES;
				CLANG_WARN_OBJC_LITERAL_CONVERSION = YES;
				CLANG_WARN_OBJC_ROOT_CLASS = YES_ERROR;
				CLANG_WARN_QUOTED_INCLUDE_IN_FRAMEWORK_HEADER = YES;
				CLANG_WARN_RANGE_LOOP_ANALYSIS = YES;
				CLANG_WARN_STRICT_PROTOTYPES = YES;
				CLANG_WARN_SUSPICIOUS_MOVE = YES;
				CLANG_WARN_UNGUARDED_AVAILABILITY = YES_AGGRESSIVE;
				CLANG_WARN_UNREACHABLE_CODE = YES;
				CLANG_WARN__DUPLICATE_METHOD_MATCH = YES;
				COPY_PHASE_STRIP = NO;
				DEBUG_INFORMATION_FORMAT = "dwarf-with-dsym";
				ENABLE_NS_ASSERTIONS = NO;
				ENABLE_STRICT_OBJC_MSGSEND = YES;
				ENABLE_USER_SCRIPT_SANDBOXING = YES;
				GCC_C_LANGUAGE_STANDARD = gnu17;
				GCC_NO_COMMON_BLOCKS = YES;
				GCC_WARN_64_TO_32_BIT_CONVERSION = YES;
				GCC_WARN_ABOUT_RETURN_TYPE = YES_ERROR;
				GCC_WARN_UNDECLARED_SELECTOR = YES;
				GCC_WARN_UNINITIALIZED_AUTOS = YES_AGGRESSIVE;
				GCC_WARN_UNUSED_FUNCTION = YES;
				GCC_WARN_UNUSED_VARIABLE = YES;
				IPHONEOS_DEPLOYMENT_TARGET = 18.2;
				LOCALIZATION_PREFERS_STRING_CATALOGS = YES;
				MTL_ENABLE_DEBUG_INFO = NO;
				MTL_FAST_MATH = YES;
				SDKROOT = iphoneos;
				SWIFT_COMPILATION_MODE = wholemodule;
				VALIDATE_PRODUCT = YES;
			};
			name = Release;
		};
		A1F403AB2D6F474D00BF9B9F /* Debug */ = {
			isa = XCBuildConfiguration;
			buildSettings = {
				ASSETCATALOG_COMPILER_APPICON_NAME = AppIcon;
				ASSETCATALOG_COMPILER_GLOBAL_ACCENT_COLOR_NAME = AccentColor;
				CODE_SIGN_STYLE = Automatic;
				CURRENT_PROJECT_VERSION = 1;
				DEVELOPMENT_ASSET_PATHS = "\"ios/Preview Content\"";
				DEVELOPMENT_TEAM = 5KF43FQZZH;
				ENABLE_PREVIEWS = YES;
				GENERATE_INFOPLIST_FILE = YES;
				INFOPLIST_KEY_NSMicrophoneUsageDescription = "This app needs access to the microphone to recognize the music around you.";
				INFOPLIST_KEY_UIApplicationSceneManifest_Generation = YES;
				INFOPLIST_KEY_UIApplicationSupportsIndirectInputEvents = YES;
				INFOPLIST_KEY_UILaunchScreen_Generation = YES;
				INFOPLIST_KEY_UISupportedInterfaceOrientations_iPad = "UIInterfaceOrientationPortrait UIInterfaceOrientationPortraitUpsideDown UIInterfaceOrientationLandscapeLeft UIInterfaceOrientationLandscapeRight";
				INFOPLIST_KEY_UISupportedInterfaceOrientations_iPhone = "UIInterfaceOrientationPortrait UIInterfaceOrientationLandscapeLeft UIInterfaceOrientationLandscapeRight";
				LD_RUNPATH_SEARCH_PATHS = (
					"$(inherited)",
					"@executable_path/Frameworks",
				);
				MARKETING_VERSION = 1.0;
				PRODUCT_BUNDLE_IDENTIFIER = at.ac.leonding.htl.danceable.ios;
				PRODUCT_NAME = "$(TARGET_NAME)";
				SWIFT_EMIT_LOC_STRINGS = YES;
				SWIFT_VERSION = 5.0;
				TARGETED_DEVICE_FAMILY = "1,2";
			};
			name = Debug;
		};
		A1F403AC2D6F474D00BF9B9F /* Release */ = {
			isa = XCBuildConfiguration;
			buildSettings = {
				ASSETCATALOG_COMPILER_APPICON_NAME = AppIcon;
				ASSETCATALOG_COMPILER_GLOBAL_ACCENT_COLOR_NAME = AccentColor;
				CODE_SIGN_STYLE = Automatic;
				CURRENT_PROJECT_VERSION = 1;
				DEVELOPMENT_ASSET_PATHS = "\"ios/Preview Content\"";
				DEVELOPMENT_TEAM = 5KF43FQZZH;
				ENABLE_PREVIEWS = YES;
				GENERATE_INFOPLIST_FILE = YES;
				INFOPLIST_KEY_NSMicrophoneUsageDescription = "This app needs access to the microphone to recognize the music around you.";
				INFOPLIST_KEY_UIApplicationSceneManifest_Generation = YES;
				INFOPLIST_KEY_UIApplicationSupportsIndirectInputEvents = YES;
				INFOPLIST_KEY_UILaunchScreen_Generation = YES;
				INFOPLIST_KEY_UISupportedInterfaceOrientations_iPad = "UIInterfaceOrientationPortrait UIInterfaceOrientationPortraitUpsideDown UIInterfaceOrientationLandscapeLeft UIInterfaceOrientationLandscapeRight";
				INFOPLIST_KEY_UISupportedInterfaceOrientations_iPhone = "UIInterfaceOrientationPortrait UIInterfaceOrientationLandscapeLeft UIInterfaceOrientationLandscapeRight";
				LD_RUNPATH_SEARCH_PATHS = (
					"$(inherited)",
					"@executable_path/Frameworks",
				);
				MARKETING_VERSION = 1.0;
				PRODUCT_BUNDLE_IDENTIFIER = at.ac.leonding.htl.danceable.ios;
				PRODUCT_NAME = "$(TARGET_NAME)";
				SWIFT_EMIT_LOC_STRINGS = YES;
				SWIFT_VERSION = 5.0;
				TARGETED_DEVICE_FAMILY = "1,2";
			};
			name = Release;
		};
		A1F403AE2D6F474D00BF9B9F /* Debug */ = {
			isa = XCBuildConfiguration;
			buildSettings = {
				BUNDLE_LOADER = "$(TEST_HOST)";
				CODE_SIGN_STYLE = Automatic;
				CURRENT_PROJECT_VERSION = 1;
				GENERATE_INFOPLIST_FILE = YES;
				IPHONEOS_DEPLOYMENT_TARGET = 18.2;
				MARKETING_VERSION = 1.0;
				PRODUCT_BUNDLE_IDENTIFIER = at.ac.leonding.htl.iosTests;
				PRODUCT_NAME = "$(TARGET_NAME)";
				SWIFT_EMIT_LOC_STRINGS = NO;
				SWIFT_VERSION = 5.0;
				TARGETED_DEVICE_FAMILY = "1,2";
				TEST_HOST = "$(BUILT_PRODUCTS_DIR)/ios.app/$(BUNDLE_EXECUTABLE_FOLDER_PATH)/ios";
			};
			name = Debug;
		};
		A1F403AF2D6F474D00BF9B9F /* Release */ = {
			isa = XCBuildConfiguration;
			buildSettings = {
				BUNDLE_LOADER = "$(TEST_HOST)";
				CODE_SIGN_STYLE = Automatic;
				CURRENT_PROJECT_VERSION = 1;
				GENERATE_INFOPLIST_FILE = YES;
				IPHONEOS_DEPLOYMENT_TARGET = 18.2;
				MARKETING_VERSION = 1.0;
				PRODUCT_BUNDLE_IDENTIFIER = at.ac.leonding.htl.iosTests;
				PRODUCT_NAME = "$(TARGET_NAME)";
				SWIFT_EMIT_LOC_STRINGS = NO;
				SWIFT_VERSION = 5.0;
				TARGETED_DEVICE_FAMILY = "1,2";
				TEST_HOST = "$(BUILT_PRODUCTS_DIR)/ios.app/$(BUNDLE_EXECUTABLE_FOLDER_PATH)/ios";
			};
			name = Release;
		};
		A1F403B12D6F474D00BF9B9F /* Debug */ = {
			isa = XCBuildConfiguration;
			buildSettings = {
				CODE_SIGN_STYLE = Automatic;
				CURRENT_PROJECT_VERSION = 1;
				GENERATE_INFOPLIST_FILE = YES;
				MARKETING_VERSION = 1.0;
				PRODUCT_BUNDLE_IDENTIFIER = at.ac.leonding.htl.iosUITests;
				PRODUCT_NAME = "$(TARGET_NAME)";
				SWIFT_EMIT_LOC_STRINGS = NO;
				SWIFT_VERSION = 5.0;
				TARGETED_DEVICE_FAMILY = "1,2";
				TEST_TARGET_NAME = ios;
			};
			name = Debug;
		};
		A1F403B22D6F474D00BF9B9F /* Release */ = {
			isa = XCBuildConfiguration;
			buildSettings = {
				CODE_SIGN_STYLE = Automatic;
				CURRENT_PROJECT_VERSION = 1;
				GENERATE_INFOPLIST_FILE = YES;
				MARKETING_VERSION = 1.0;
				PRODUCT_BUNDLE_IDENTIFIER = at.ac.leonding.htl.iosUITests;
				PRODUCT_NAME = "$(TARGET_NAME)";
				SWIFT_EMIT_LOC_STRINGS = NO;
				SWIFT_VERSION = 5.0;
				TARGETED_DEVICE_FAMILY = "1,2";
				TEST_TARGET_NAME = ios;
			};
			name = Release;
		};
/* End XCBuildConfiguration section */

/* Begin XCConfigurationList section */
		A162D5932DE609A3005E1830 /* Build configuration list for PBXNativeTarget "Danceable Watch App" */ = {
			isa = XCConfigurationList;
			buildConfigurations = (
				A162D58D2DE609A3005E1830 /* Debug */,
				A162D58E2DE609A3005E1830 /* Release */,
			);
			defaultConfigurationIsVisible = 0;
			defaultConfigurationName = Release;
		};
		A162D5942DE609A3005E1830 /* Build configuration list for PBXNativeTarget "Danceable Watch AppTests" */ = {
			isa = XCConfigurationList;
			buildConfigurations = (
				A162D58F2DE609A3005E1830 /* Debug */,
				A162D5902DE609A3005E1830 /* Release */,
			);
			defaultConfigurationIsVisible = 0;
			defaultConfigurationName = Release;
		};
		A162D5952DE609A3005E1830 /* Build configuration list for PBXNativeTarget "Danceable Watch AppUITests" */ = {
			isa = XCConfigurationList;
			buildConfigurations = (
				A162D5912DE609A3005E1830 /* Debug */,
				A162D5922DE609A3005E1830 /* Release */,
			);
			defaultConfigurationIsVisible = 0;
			defaultConfigurationName = Release;
		};
		A1F403812D6F474B00BF9B9F /* Build configuration list for PBXProject "ios" */ = {
			isa = XCConfigurationList;
			buildConfigurations = (
				A1F403A82D6F474D00BF9B9F /* Debug */,
				A1F403A92D6F474D00BF9B9F /* Release */,
			);
			defaultConfigurationIsVisible = 0;
			defaultConfigurationName = Release;
		};
		A1F403AA2D6F474D00BF9B9F /* Build configuration list for PBXNativeTarget "ios" */ = {
			isa = XCConfigurationList;
			buildConfigurations = (
				A1F403AB2D6F474D00BF9B9F /* Debug */,
				A1F403AC2D6F474D00BF9B9F /* Release */,
			);
			defaultConfigurationIsVisible = 0;
			defaultConfigurationName = Release;
		};
		A1F403AD2D6F474D00BF9B9F /* Build configuration list for PBXNativeTarget "iosTests" */ = {
			isa = XCConfigurationList;
			buildConfigurations = (
				A1F403AE2D6F474D00BF9B9F /* Debug */,
				A1F403AF2D6F474D00BF9B9F /* Release */,
			);
			defaultConfigurationIsVisible = 0;
			defaultConfigurationName = Release;
		};
		A1F403B02D6F474D00BF9B9F /* Build configuration list for PBXNativeTarget "iosUITests" */ = {
			isa = XCConfigurationList;
			buildConfigurations = (
				A1F403B12D6F474D00BF9B9F /* Debug */,
				A1F403B22D6F474D00BF9B9F /* Release */,
			);
			defaultConfigurationIsVisible = 0;
			defaultConfigurationName = Release;
		};
/* End XCConfigurationList section */
	};
	rootObject = A1F4037E2D6F474B00BF9B9F /* Project object */;
}
